{
  "version": 4,
  "terraform_version": "1.10.3",
  "serial": 5,
  "lineage": "e423356e-786b-ff6e-aa32-fc02f416b2a9",
  "outputs": {
    "dynamodb_table_arn": {
      "value": "arn:aws:dynamodb:us-east-1:211125478125:table/terraform-lock",
      "type": "string"
    },
    "dynamodb_table_name": {
      "value": "terraform-lock",
      "type": "string"
    },
    "s3_bucket_arn": {
      "value": "arn:aws:s3:::211125478125-terraform-states",
      "type": "string"
    },
    "s3_bucket_name": {
      "value": "211125478125-terraform-states",
      "type": "string"
    },
    "s3_bucket_region": {
      "value": "us-east-1",
      "type": "string"
    }
  },
  "resources": [
    {
      "mode": "data",
      "type": "aws_caller_identity",
      "name": "current",
      "provider": "provider[\"registry.terraform.io/hashicorp/aws\"]",
      "instances": [
        {
          "schema_version": 0,
          "attributes": {
            "account_id": "211125478125",
            "arn": "arn:aws:iam::211125478125:user/Muthu",
            "id": "211125478125",
            "user_id": "AIDATCKAPELWTF2NAA4ZI"
          },
          "sensitive_attributes": []
        }
      ]
    },
    {
      "mode": "managed",
      "type": "aws_dynamodb_table",
      "name": "terraform_lock",
      "provider": "provider[\"registry.terraform.io/hashicorp/aws\"]",
      "instances": [
        {
          "schema_version": 1,
          "attributes": {
            "arn": "arn:aws:dynamodb:us-east-1:211125478125:table/terraform-lock",
            "attribute": [
              {
                "name": "LockID",
                "type": "S"
              }
            ],
            "billing_mode": "PAY_PER_REQUEST",
            "deletion_protection_enabled": false,
            "global_secondary_index": [],
            "hash_key": "LockID",
            "id": "terraform-lock",
            "import_table": [],
            "local_secondary_index": [],
            "name": "terraform-lock",
            "on_demand_throughput": [],
            "point_in_time_recovery": [
              {
                "enabled": false
              }
            ],
            "range_key": null,
            "read_capacity": 0,
            "replica": [],
            "restore_date_time": null,
            "restore_source_name": null,
            "restore_source_table_arn": null,
            "restore_to_latest_time": null,
            "server_side_encryption": [],
            "stream_arn": "",
            "stream_enabled": false,
            "stream_label": "",
            "stream_view_type": "",
            "table_class": "STANDARD",
            "tags": null,
            "tags_all": {},
            "timeouts": null,
            "ttl": [
              {
                "attribute_name": "",
                "enabled": false
              }
            ],
            "write_capacity": 0
          },
          "sensitive_attributes": [],
          "private": "eyJlMmJmYjczMC1lY2FhLTExZTYtOGY4OC0zNDM2M2JjN2M0YzAiOnsiY3JlYXRlIjoxODAwMDAwMDAwMDAwLCJkZWxldGUiOjYwMDAwMDAwMDAwMCwidXBkYXRlIjozNjAwMDAwMDAwMDAwfSwic2NoZW1hX3ZlcnNpb24iOiIxIn0="
        }
      ]
    },
    {
      "mode": "managed",
      "type": "aws_s3_bucket",
      "name": "terraform_state",
      "provider": "provider[\"registry.terraform.io/hashicorp/aws\"]",
      "instances": [
        {
          "schema_version": 0,
          "attributes": {
            "acceleration_status": "",
            "acl": null,
            "arn": "arn:aws:s3:::211125478125-terraform-states",
            "bucket": "211125478125-terraform-states",
            "bucket_domain_name": "211125478125-terraform-states.s3.amazonaws.com",
            "bucket_prefix": "",
            "bucket_regional_domain_name": "211125478125-terraform-states.s3.us-east-1.amazonaws.com",
            "cors_rule": [],
            "force_destroy": false,
            "grant": [
              {
                "id": "a32446f9617807ff7c939115b1ca70d45a19a5771e7dcf47fdff19284ab07b7c",
                "permissions": [
                  "FULL_CONTROL"
                ],
                "type": "CanonicalUser",
                "uri": ""
              }
            ],
            "hosted_zone_id": "Z3AQBSTGFYJSTF",
            "id": "211125478125-terraform-states",
            "lifecycle_rule": [],
            "logging": [],
            "object_lock_configuration": [],
            "object_lock_enabled": false,
            "policy": "",
            "region": "us-east-1",
            "replication_configuration": [],
            "request_payer": "BucketOwner",
            "server_side_encryption_configuration": [
              {
                "rule": [
                  {
                    "apply_server_side_encryption_by_default": [
                      {
                        "kms_master_key_id": "",
                        "sse_algorithm": "AES256"
                      }
                    ],
                    "bucket_key_enabled": false
                  }
                ]
              }
            ],
            "tags": null,
            "tags_all": {},
            "timeouts": null,
            "versioning": [
              {
                "enabled": false,
                "mfa_delete": false
              }
            ],
            "website": [],
            "website_domain": null,
            "website_endpoint": null
          },
          "sensitive_attributes": [],
          "private": "eyJlMmJmYjczMC1lY2FhLTExZTYtOGY4OC0zNDM2M2JjN2M0YzAiOnsiY3JlYXRlIjoxMjAwMDAwMDAwMDAwLCJkZWxldGUiOjM2MDAwMDAwMDAwMDAsInJlYWQiOjEyMDAwMDAwMDAwMDAsInVwZGF0ZSI6MTIwMDAwMDAwMDAwMH19",
          "dependencies": [
            "data.aws_caller_identity.current"
          ]
        }
      ]
    },
    {
      "mode": "managed",
      "type": "aws_s3_bucket_server_side_encryption_configuration",
      "name": "terraform_state_encryption",
      "provider": "provider[\"registry.terraform.io/hashicorp/aws\"]",
      "instances": [
        {
          "schema_version": 0,
          "attributes": {
            "bucket": "211125478125-terraform-states",
            "expected_bucket_owner": "",
            "id": "211125478125-terraform-states",
            "rule": [
              {
                "apply_server_side_encryption_by_default": [
                  {
                    "kms_master_key_id": "",
                    "sse_algorithm": "AES256"
                  }
                ],
                "bucket_key_enabled": null
              }
            ]
          },
          "sensitive_attributes": [],
          "private": "bnVsbA==",
          "dependencies": [
            "aws_s3_bucket.terraform_state",
            "data.aws_caller_identity.current"
          ]
        }
      ]
    },
    {
      "mode": "managed",
      "type": "aws_s3_bucket_versioning",
      "name": "terraform_state_versioning",
      "provider": "provider[\"registry.terraform.io/hashicorp/aws\"]",
      "instances": [
        {
          "schema_version": 0,
          "attributes": {
            "bucket": "211125478125-terraform-states",
            "expected_bucket_owner": "",
            "id": "211125478125-terraform-states",
            "mfa": null,
            "versioning_configuration": [
              {
                "mfa_delete": "",
                "status": "Enabled"
              }
            ]
          },
          "sensitive_attributes": [],
          "private": "bnVsbA==",
          "dependencies": [
            "aws_s3_bucket.terraform_state",
            "data.aws_caller_identity.current"
          ]
        }
      ]
    }
  ],
  "check_results": null
}
